# THIS IS AN AUTOGENERATED FILE. DO NOT EDIT THIS FILE DIRECTLY.
# yarn lockfile v1


"@splidejs/splide@^3.1.7":
  version "3.1.7"
  resolved "https://registry.yarnpkg.com/@splidejs/splide/-/splide-3.1.7.tgz#8794bbf1183d3bb1a2eb25dc5b169d88030f666e"
  integrity sha512-1mZ4hY7hPGBStfqiwPdJJL1jRsn+n7f5pX0raQPrKcbqJTYypD279NrRW/szrEgpK/1hjU9fL0/00fiF6ZCxqQ==
